<?xml version="1.0" encoding="UTF-8"?>
<Scheme
   version = "1.3">
   <BuildAction>
      <BuildActionEntries>
         <BuildActionEntry
            buildForRunning = "YES">
            <BuildableReference
               BuildableIdentifier = "primary"
               BlueprintIdentifier = "ECF2492E2084801600312D8F"
               BuildableName = "ViewAnimator.app"
               BlueprintName = "ViewAnimator"
               ReferencedContainer = "container:ViewAnimator.xcodeproj">
            </BuildableReference>
         </BuildActionEntry>
      </BuildActionEntries>
   </BuildAction>
   <LaunchAction
      useCustomWorkingDirectory = "NO"
      buildConfiguration = "Debug">
      <BuildableProductRunnable>
         <BuildableReference
            BuildableIdentifier = "primary"
            BlueprintIdentifier = "ECF2492E2084801600312D8F"
            BuildableName = "ViewAnimator.app"
            BlueprintName = "ViewAnimator"
            ReferencedContainer = "container:ViewAnimator.xcodeproj">
         </BuildableReference>
      </BuildableProductRunnable>
   </LaunchAction>
</Scheme>
